
Microsoft Visual Studio Solution File, Format Version 12.00
# Visual Studio 15
VisualStudioVersion = 15.0.27428.2037
MinimumVisualStudioVersion = 10.0.40219.1
Project("{FAE04EC0-301F-11D3-BF4B-00C04F79EFBC}") = "ChainOfResp", "ChainOfResp\ChainOfResp.csproj", "{04E9EFF1-E725-4E57-9D2C-CBB441CA7495}"
EndProject
Project("{FAE04EC0-301F-11D3-BF4B-00C04F79EFBC}") = "Command", "Command\Command.csproj", "{5906C214-839A-4C98-BD1C-F6F46DBDD0D3}"
EndProject
Project("{FAE04EC0-301F-11D3-BF4B-00C04F79EFBC}") = "Decorator2", "Decorator2\Decorator2.csproj", "{913B2501-647C-4F98-9247-981AD27F552F}"
EndProject
Project("{FAE04EC0-301F-11D3-BF4B-00C04F79EFBC}") = "Decorator", "Decorator\Decorator.csproj", "{99CC1888-D1AA-4A5C-994B-F539026EAD4F}"
EndProject
Project("{2150E333-8FDC-42A3-9474-1A3956D46DE8}") = "Creational", "Creational", "{8A716ADF-B287-4D09-BFDF-50B15A1298BF}"
	ProjectSection(SolutionItems) = preProject
		readme.txt = readme.txt
	EndProjectSection
EndProject
Project("{2150E333-8FDC-42A3-9474-1A3956D46DE8}") = "Behavioral", "Behavioral", "{7D294023-491A-4439-BDF7-851AC30DC959}"
EndProject
Project("{2150E333-8FDC-42A3-9474-1A3956D46DE8}") = "Structural", "Structural", "{04869F04-EF0D-4F7E-8B1A-E299158C980E}"
EndProject
Project("{2150E333-8FDC-42A3-9474-1A3956D46DE8}") = "Advanced Programming Techniques", "Advanced Programming Techniques", "{4E96EA74-E902-4D35-9059-852EEBA990C6}"
EndProject
Project("{FAE04EC0-301F-11D3-BF4B-00C04F79EFBC}") = "Reflection_and_Annotation", "Reflection\Reflection_and_Annotation.csproj", "{0FFC809F-F76A-42F5-8716-CF9A2337EDDC}"
EndProject
Project("{FAE04EC0-301F-11D3-BF4B-00C04F79EFBC}") = "Observer", "Observer\Observer.csproj", "{E3157844-AC60-43C0-880E-FE5E242EE910}"
EndProject
Project("{FAE04EC0-301F-11D3-BF4B-00C04F79EFBC}") = "TemplateMethod", "Template\TemplateMethod.csproj", "{EE731883-D93A-44E5-ADE0-54F1999B5B70}"
EndProject
Project("{FAE04EC0-301F-11D3-BF4B-00C04F79EFBC}") = "Visitor", "Visitor\Visitor.csproj", "{96CCE659-02F8-4A70-8ED2-A8AC733CE464}"
EndProject
Project("{FAE04EC0-301F-11D3-BF4B-00C04F79EFBC}") = "BuilderPattern", "BuilderPattern\BuilderPattern.csproj", "{ECE9EC3A-8333-4D0A-BBA5-9864150536C9}"
EndProject
Project("{FAE04EC0-301F-11D3-BF4B-00C04F79EFBC}") = "Prototype", "Prototype\Prototype.csproj", "{2BBDD524-F526-4DE2-B4A1-309D01759DE9}"
EndProject
Project("{FAE04EC0-301F-11D3-BF4B-00C04F79EFBC}") = "EventDriven", "EventDriven\EventDriven.csproj", "{82C1966F-3232-4186-9596-73CD80F8A1BB}"
EndProject
Project("{FAE04EC0-301F-11D3-BF4B-00C04F79EFBC}") = "State", "State\State.csproj", "{86A5B14F-F162-4747-A22B-BA3289A6ED8B}"
EndProject
Project("{FAE04EC0-301F-11D3-BF4B-00C04F79EFBC}") = "Interpreter", "Interpreter\Interpreter.csproj", "{3DF991C0-48AD-47E5-AE6B-A7B3BE1BDF5D}"
EndProject
Global
	GlobalSection(SolutionConfigurationPlatforms) = preSolution
		Debug|Any CPU = Debug|Any CPU
		Release|Any CPU = Release|Any CPU
	EndGlobalSection
	GlobalSection(ProjectConfigurationPlatforms) = postSolution
		{04E9EFF1-E725-4E57-9D2C-CBB441CA7495}.Debug|Any CPU.ActiveCfg = Debug|Any CPU
		{04E9EFF1-E725-4E57-9D2C-CBB441CA7495}.Debug|Any CPU.Build.0 = Debug|Any CPU
		{04E9EFF1-E725-4E57-9D2C-CBB441CA7495}.Release|Any CPU.ActiveCfg = Release|Any CPU
		{04E9EFF1-E725-4E57-9D2C-CBB441CA7495}.Release|Any CPU.Build.0 = Release|Any CPU
		{5906C214-839A-4C98-BD1C-F6F46DBDD0D3}.Debug|Any CPU.ActiveCfg = Debug|Any CPU
		{5906C214-839A-4C98-BD1C-F6F46DBDD0D3}.Debug|Any CPU.Build.0 = Debug|Any CPU
		{5906C214-839A-4C98-BD1C-F6F46DBDD0D3}.Release|Any CPU.ActiveCfg = Release|Any CPU
		{5906C214-839A-4C98-BD1C-F6F46DBDD0D3}.Release|Any CPU.Build.0 = Release|Any CPU
		{913B2501-647C-4F98-9247-981AD27F552F}.Debug|Any CPU.ActiveCfg = Debug|Any CPU
		{913B2501-647C-4F98-9247-981AD27F552F}.Debug|Any CPU.Build.0 = Debug|Any CPU
		{913B2501-647C-4F98-9247-981AD27F552F}.Release|Any CPU.ActiveCfg = Release|Any CPU
		{913B2501-647C-4F98-9247-981AD27F552F}.Release|Any CPU.Build.0 = Release|Any CPU
		{99CC1888-D1AA-4A5C-994B-F539026EAD4F}.Debug|Any CPU.ActiveCfg = Debug|Any CPU
		{99CC1888-D1AA-4A5C-994B-F539026EAD4F}.Debug|Any CPU.Build.0 = Debug|Any CPU
		{99CC1888-D1AA-4A5C-994B-F539026EAD4F}.Release|Any CPU.ActiveCfg = Release|Any CPU
		{99CC1888-D1AA-4A5C-994B-F539026EAD4F}.Release|Any CPU.Build.0 = Release|Any CPU
		{0FFC809F-F76A-42F5-8716-CF9A2337EDDC}.Debug|Any CPU.ActiveCfg = Debug|Any CPU
		{0FFC809F-F76A-42F5-8716-CF9A2337EDDC}.Debug|Any CPU.Build.0 = Debug|Any CPU
		{0FFC809F-F76A-42F5-8716-CF9A2337EDDC}.Release|Any CPU.ActiveCfg = Release|Any CPU
		{0FFC809F-F76A-42F5-8716-CF9A2337EDDC}.Release|Any CPU.Build.0 = Release|Any CPU
		{E3157844-AC60-43C0-880E-FE5E242EE910}.Debug|Any CPU.ActiveCfg = Debug|Any CPU
		{E3157844-AC60-43C0-880E-FE5E242EE910}.Debug|Any CPU.Build.0 = Debug|Any CPU
		{E3157844-AC60-43C0-880E-FE5E242EE910}.Release|Any CPU.ActiveCfg = Release|Any CPU
		{E3157844-AC60-43C0-880E-FE5E242EE910}.Release|Any CPU.Build.0 = Release|Any CPU
		{EE731883-D93A-44E5-ADE0-54F1999B5B70}.Debug|Any CPU.ActiveCfg = Debug|Any CPU
		{EE731883-D93A-44E5-ADE0-54F1999B5B70}.Debug|Any CPU.Build.0 = Debug|Any CPU
		{EE731883-D93A-44E5-ADE0-54F1999B5B70}.Release|Any CPU.ActiveCfg = Release|Any CPU
		{EE731883-D93A-44E5-ADE0-54F1999B5B70}.Release|Any CPU.Build.0 = Release|Any CPU
		{96CCE659-02F8-4A70-8ED2-A8AC733CE464}.Debug|Any CPU.ActiveCfg = Debug|Any CPU
		{96CCE659-02F8-4A70-8ED2-A8AC733CE464}.Debug|Any CPU.Build.0 = Debug|Any CPU
		{96CCE659-02F8-4A70-8ED2-A8AC733CE464}.Release|Any CPU.ActiveCfg = Release|Any CPU
		{96CCE659-02F8-4A70-8ED2-A8AC733CE464}.Release|Any CPU.Build.0 = Release|Any CPU
		{ECE9EC3A-8333-4D0A-BBA5-9864150536C9}.Debug|Any CPU.ActiveCfg = Debug|Any CPU
		{ECE9EC3A-8333-4D0A-BBA5-9864150536C9}.Debug|Any CPU.Build.0 = Debug|Any CPU
		{ECE9EC3A-8333-4D0A-BBA5-9864150536C9}.Release|Any CPU.ActiveCfg = Release|Any CPU
		{ECE9EC3A-8333-4D0A-BBA5-9864150536C9}.Release|Any CPU.Build.0 = Release|Any CPU
		{2BBDD524-F526-4DE2-B4A1-309D01759DE9}.Debug|Any CPU.ActiveCfg = Debug|Any CPU
		{2BBDD524-F526-4DE2-B4A1-309D01759DE9}.Debug|Any CPU.Build.0 = Debug|Any CPU
		{2BBDD524-F526-4DE2-B4A1-309D01759DE9}.Release|Any CPU.ActiveCfg = Release|Any CPU
		{2BBDD524-F526-4DE2-B4A1-309D01759DE9}.Release|Any CPU.Build.0 = Release|Any CPU
		{82C1966F-3232-4186-9596-73CD80F8A1BB}.Debug|Any CPU.ActiveCfg = Debug|Any CPU
		{82C1966F-3232-4186-9596-73CD80F8A1BB}.Debug|Any CPU.Build.0 = Debug|Any CPU
		{82C1966F-3232-4186-9596-73CD80F8A1BB}.Release|Any CPU.ActiveCfg = Release|Any CPU
		{82C1966F-3232-4186-9596-73CD80F8A1BB}.Release|Any CPU.Build.0 = Release|Any CPU
		{86A5B14F-F162-4747-A22B-BA3289A6ED8B}.Debug|Any CPU.ActiveCfg = Debug|Any CPU
		{86A5B14F-F162-4747-A22B-BA3289A6ED8B}.Debug|Any CPU.Build.0 = Debug|Any CPU
		{86A5B14F-F162-4747-A22B-BA3289A6ED8B}.Release|Any CPU.ActiveCfg = Release|Any CPU
		{86A5B14F-F162-4747-A22B-BA3289A6ED8B}.Release|Any CPU.Build.0 = Release|Any CPU
		{3DF991C0-48AD-47E5-AE6B-A7B3BE1BDF5D}.Debug|Any CPU.ActiveCfg = Debug|Any CPU
		{3DF991C0-48AD-47E5-AE6B-A7B3BE1BDF5D}.Debug|Any CPU.Build.0 = Debug|Any CPU
		{3DF991C0-48AD-47E5-AE6B-A7B3BE1BDF5D}.Release|Any CPU.ActiveCfg = Release|Any CPU
		{3DF991C0-48AD-47E5-AE6B-A7B3BE1BDF5D}.Release|Any CPU.Build.0 = Release|Any CPU
	EndGlobalSection
	GlobalSection(SolutionProperties) = preSolution
		HideSolutionNode = FALSE
	EndGlobalSection
	GlobalSection(NestedProjects) = preSolution
		{04E9EFF1-E725-4E57-9D2C-CBB441CA7495} = {7D294023-491A-4439-BDF7-851AC30DC959}
		{5906C214-839A-4C98-BD1C-F6F46DBDD0D3} = {7D294023-491A-4439-BDF7-851AC30DC959}
		{913B2501-647C-4F98-9247-981AD27F552F} = {04869F04-EF0D-4F7E-8B1A-E299158C980E}
		{99CC1888-D1AA-4A5C-994B-F539026EAD4F} = {04869F04-EF0D-4F7E-8B1A-E299158C980E}
		{0FFC809F-F76A-42F5-8716-CF9A2337EDDC} = {4E96EA74-E902-4D35-9059-852EEBA990C6}
		{E3157844-AC60-43C0-880E-FE5E242EE910} = {7D294023-491A-4439-BDF7-851AC30DC959}
		{EE731883-D93A-44E5-ADE0-54F1999B5B70} = {7D294023-491A-4439-BDF7-851AC30DC959}
		{96CCE659-02F8-4A70-8ED2-A8AC733CE464} = {7D294023-491A-4439-BDF7-851AC30DC959}
		{ECE9EC3A-8333-4D0A-BBA5-9864150536C9} = {8A716ADF-B287-4D09-BFDF-50B15A1298BF}
		{2BBDD524-F526-4DE2-B4A1-309D01759DE9} = {8A716ADF-B287-4D09-BFDF-50B15A1298BF}
		{82C1966F-3232-4186-9596-73CD80F8A1BB} = {4E96EA74-E902-4D35-9059-852EEBA990C6}
		{86A5B14F-F162-4747-A22B-BA3289A6ED8B} = {7D294023-491A-4439-BDF7-851AC30DC959}
		{3DF991C0-48AD-47E5-AE6B-A7B3BE1BDF5D} = {7D294023-491A-4439-BDF7-851AC30DC959}
	EndGlobalSection
	GlobalSection(ExtensibilityGlobals) = postSolution
		SolutionGuid = {8BC94273-58ED-4833-9AF1-902058A5618B}
	EndGlobalSection
EndGlobal
