
Microsoft Visual Studio Solution File, Format Version 12.00
# Visual Studio Version 16
VisualStudioVersion = 16.0.29905.134
MinimumVisualStudioVersion = 10.0.40219.1
Project("{FAE04EC0-301F-11D3-BF4B-00C04F79EFBC}") = "ChainOfResp", "ChainOfResp\ChainOfResp.csproj", "{04E9EFF1-E725-4E57-9D2C-CBB441CA7495}"
EndProject
Project("{FAE04EC0-301F-11D3-BF4B-00C04F79EFBC}") = "Command", "Command\Command.csproj", "{5906C214-839A-4C98-BD1C-F6F46DBDD0D3}"
EndProject
Project("{FAE04EC0-301F-11D3-BF4B-00C04F79EFBC}") = "Decorator2", "Decorator2\Decorator2.csproj", "{913B2501-647C-4F98-9247-981AD27F552F}"
EndProject
Project("{FAE04EC0-301F-11D3-BF4B-00C04F79EFBC}") = "Decorator", "Decorator\Decorator.csproj", "{99CC1888-D1AA-4A5C-994B-F539026EAD4F}"
EndProject
Project("{2150E333-8FDC-42A3-9474-1A3956D46DE8}") = "Creational", "Creational", "{8A716ADF-B287-4D09-BFDF-50B15A1298BF}"
EndProject
Project("{2150E333-8FDC-42A3-9474-1A3956D46DE8}") = "Behavioral", "Behavioral", "{7D294023-491A-4439-BDF7-851AC30DC959}"
EndProject
Project("{2150E333-8FDC-42A3-9474-1A3956D46DE8}") = "Structural", "Structural", "{04869F04-EF0D-4F7E-8B1A-E299158C980E}"
EndProject
Project("{2150E333-8FDC-42A3-9474-1A3956D46DE8}") = "Advanced Programming Techniques", "Advanced Programming Techniques", "{4E96EA74-E902-4D35-9059-852EEBA990C6}"
EndProject
Project("{FAE04EC0-301F-11D3-BF4B-00C04F79EFBC}") = "Reflection_and_Annotation", "Reflection\Reflection_and_Annotation.csproj", "{0FFC809F-F76A-42F5-8716-CF9A2337EDDC}"
EndProject
Project("{FAE04EC0-301F-11D3-BF4B-00C04F79EFBC}") = "Observer2", "Observer\Observer2.csproj", "{E3157844-AC60-43C0-880E-FE5E242EE910}"
EndProject
Project("{FAE04EC0-301F-11D3-BF4B-00C04F79EFBC}") = "TemplateMethod", "Template\TemplateMethod.csproj", "{EE731883-D93A-44E5-ADE0-54F1999B5B70}"
EndProject
Project("{FAE04EC0-301F-11D3-BF4B-00C04F79EFBC}") = "Visitor2", "Visitor\Visitor2.csproj", "{96CCE659-02F8-4A70-8ED2-A8AC733CE464}"
EndProject
Project("{FAE04EC0-301F-11D3-BF4B-00C04F79EFBC}") = "Builder", "BuilderPattern\Builder.csproj", "{ECE9EC3A-8333-4D0A-BBA5-9864150536C9}"
EndProject
Project("{FAE04EC0-301F-11D3-BF4B-00C04F79EFBC}") = "EventDriven", "EventDriven\EventDriven.csproj", "{82C1966F-3232-4186-9596-73CD80F8A1BB}"
EndProject
Project("{FAE04EC0-301F-11D3-BF4B-00C04F79EFBC}") = "State", "State\State.csproj", "{86A5B14F-F162-4747-A22B-BA3289A6ED8B}"
EndProject
Project("{FAE04EC0-301F-11D3-BF4B-00C04F79EFBC}") = "Interpreter", "Interpreter\Interpreter.csproj", "{3DF991C0-48AD-47E5-AE6B-A7B3BE1BDF5D}"
EndProject
Project("{FAE04EC0-301F-11D3-BF4B-00C04F79EFBC}") = "Mediator", "Mediator\Mediator.csproj", "{DCFFB9F7-955D-4DE5-9A64-756032AE3BAE}"
EndProject
Project("{FAE04EC0-301F-11D3-BF4B-00C04F79EFBC}") = "Strategy", "Strategy\Strategy.csproj", "{B1871A3A-963F-4636-A56A-8AA5B11983A4}"
EndProject
Project("{FAE04EC0-301F-11D3-BF4B-00C04F79EFBC}") = "Visitor1", "Visitor2\Visitor1.csproj", "{AFE5055E-2EEC-4504-A763-30B7CF68F60C}"
EndProject
Project("{9A19103F-16F7-4668-BE54-9A1E7A4F7556}") = "Prototype", "ColorPrototype\Prototype.csproj", "{75A77DBE-6FCE-48DA-BD99-24C5A58E7F10}"
EndProject
Project("{9A19103F-16F7-4668-BE54-9A1E7A4F7556}") = "Singleton", "Singleton\Singleton.csproj", "{335147DC-BE09-46E7-B132-6249CE5A2FF6}"
EndProject
Project("{9A19103F-16F7-4668-BE54-9A1E7A4F7556}") = "Computer", "Computer\Computer.csproj", "{6C74603D-2556-4875-A05A-73BCF0B8D2B0}"
EndProject
Project("{9A19103F-16F7-4668-BE54-9A1E7A4F7556}") = "IceCreamParlor", "IceCreamParlor\IceCreamParlor.csproj", "{EDB880FA-9F6A-4405-AD74-74445AEB93D1}"
EndProject
Project("{2150E333-8FDC-42A3-9474-1A3956D46DE8}") = "Builder Pattern", "Builder Pattern", "{31F6FAC2-A906-4D2D-95EC-17D99CF533D7}"
EndProject
Project("{FAE04EC0-301F-11D3-BF4B-00C04F79EFBC}") = "Observer1", "Observer1\Observer1.csproj", "{4F2322C7-C82A-403E-864F-C9D60A8BCBAE}"
EndProject
Global
	GlobalSection(SolutionConfigurationPlatforms) = preSolution
		Debug|Any CPU = Debug|Any CPU
		Release|Any CPU = Release|Any CPU
	EndGlobalSection
	GlobalSection(ProjectConfigurationPlatforms) = postSolution
		{04E9EFF1-E725-4E57-9D2C-CBB441CA7495}.Debug|Any CPU.ActiveCfg = Debug|Any CPU
		{04E9EFF1-E725-4E57-9D2C-CBB441CA7495}.Debug|Any CPU.Build.0 = Debug|Any CPU
		{04E9EFF1-E725-4E57-9D2C-CBB441CA7495}.Release|Any CPU.ActiveCfg = Release|Any CPU
		{04E9EFF1-E725-4E57-9D2C-CBB441CA7495}.Release|Any CPU.Build.0 = Release|Any CPU
		{5906C214-839A-4C98-BD1C-F6F46DBDD0D3}.Debug|Any CPU.ActiveCfg = Debug|Any CPU
		{5906C214-839A-4C98-BD1C-F6F46DBDD0D3}.Debug|Any CPU.Build.0 = Debug|Any CPU
		{5906C214-839A-4C98-BD1C-F6F46DBDD0D3}.Release|Any CPU.ActiveCfg = Release|Any CPU
		{5906C214-839A-4C98-BD1C-F6F46DBDD0D3}.Release|Any CPU.Build.0 = Release|Any CPU
		{913B2501-647C-4F98-9247-981AD27F552F}.Debug|Any CPU.ActiveCfg = Debug|Any CPU
		{913B2501-647C-4F98-9247-981AD27F552F}.Debug|Any CPU.Build.0 = Debug|Any CPU
		{913B2501-647C-4F98-9247-981AD27F552F}.Release|Any CPU.ActiveCfg = Release|Any CPU
		{913B2501-647C-4F98-9247-981AD27F552F}.Release|Any CPU.Build.0 = Release|Any CPU
		{99CC1888-D1AA-4A5C-994B-F539026EAD4F}.Debug|Any CPU.ActiveCfg = Debug|Any CPU
		{99CC1888-D1AA-4A5C-994B-F539026EAD4F}.Debug|Any CPU.Build.0 = Debug|Any CPU
		{99CC1888-D1AA-4A5C-994B-F539026EAD4F}.Release|Any CPU.ActiveCfg = Release|Any CPU
		{99CC1888-D1AA-4A5C-994B-F539026EAD4F}.Release|Any CPU.Build.0 = Release|Any CPU
		{0FFC809F-F76A-42F5-8716-CF9A2337EDDC}.Debug|Any CPU.ActiveCfg = Debug|Any CPU
		{0FFC809F-F76A-42F5-8716-CF9A2337EDDC}.Debug|Any CPU.Build.0 = Debug|Any CPU
		{0FFC809F-F76A-42F5-8716-CF9A2337EDDC}.Release|Any CPU.ActiveCfg = Release|Any CPU
		{0FFC809F-F76A-42F5-8716-CF9A2337EDDC}.Release|Any CPU.Build.0 = Release|Any CPU
		{E3157844-AC60-43C0-880E-FE5E242EE910}.Debug|Any CPU.ActiveCfg = Debug|Any CPU
		{E3157844-AC60-43C0-880E-FE5E242EE910}.Debug|Any CPU.Build.0 = Debug|Any CPU
		{E3157844-AC60-43C0-880E-FE5E242EE910}.Release|Any CPU.ActiveCfg = Release|Any CPU
		{E3157844-AC60-43C0-880E-FE5E242EE910}.Release|Any CPU.Build.0 = Release|Any CPU
		{EE731883-D93A-44E5-ADE0-54F1999B5B70}.Debug|Any CPU.ActiveCfg = Debug|Any CPU
		{EE731883-D93A-44E5-ADE0-54F1999B5B70}.Debug|Any CPU.Build.0 = Debug|Any CPU
		{EE731883-D93A-44E5-ADE0-54F1999B5B70}.Release|Any CPU.ActiveCfg = Release|Any CPU
		{EE731883-D93A-44E5-ADE0-54F1999B5B70}.Release|Any CPU.Build.0 = Release|Any CPU
		{96CCE659-02F8-4A70-8ED2-A8AC733CE464}.Debug|Any CPU.ActiveCfg = Debug|Any CPU
		{96CCE659-02F8-4A70-8ED2-A8AC733CE464}.Debug|Any CPU.Build.0 = Debug|Any CPU
		{96CCE659-02F8-4A70-8ED2-A8AC733CE464}.Release|Any CPU.ActiveCfg = Release|Any CPU
		{96CCE659-02F8-4A70-8ED2-A8AC733CE464}.Release|Any CPU.Build.0 = Release|Any CPU
		{ECE9EC3A-8333-4D0A-BBA5-9864150536C9}.Debug|Any CPU.ActiveCfg = Debug|Any CPU
		{ECE9EC3A-8333-4D0A-BBA5-9864150536C9}.Debug|Any CPU.Build.0 = Debug|Any CPU
		{ECE9EC3A-8333-4D0A-BBA5-9864150536C9}.Release|Any CPU.ActiveCfg = Release|Any CPU
		{ECE9EC3A-8333-4D0A-BBA5-9864150536C9}.Release|Any CPU.Build.0 = Release|Any CPU
		{82C1966F-3232-4186-9596-73CD80F8A1BB}.Debug|Any CPU.ActiveCfg = Debug|Any CPU
		{82C1966F-3232-4186-9596-73CD80F8A1BB}.Debug|Any CPU.Build.0 = Debug|Any CPU
		{82C1966F-3232-4186-9596-73CD80F8A1BB}.Release|Any CPU.ActiveCfg = Release|Any CPU
		{82C1966F-3232-4186-9596-73CD80F8A1BB}.Release|Any CPU.Build.0 = Release|Any CPU
		{86A5B14F-F162-4747-A22B-BA3289A6ED8B}.Debug|Any CPU.ActiveCfg = Debug|Any CPU
		{86A5B14F-F162-4747-A22B-BA3289A6ED8B}.Debug|Any CPU.Build.0 = Debug|Any CPU
		{86A5B14F-F162-4747-A22B-BA3289A6ED8B}.Release|Any CPU.ActiveCfg = Release|Any CPU
		{86A5B14F-F162-4747-A22B-BA3289A6ED8B}.Release|Any CPU.Build.0 = Release|Any CPU
		{3DF991C0-48AD-47E5-AE6B-A7B3BE1BDF5D}.Debug|Any CPU.ActiveCfg = Debug|Any CPU
		{3DF991C0-48AD-47E5-AE6B-A7B3BE1BDF5D}.Debug|Any CPU.Build.0 = Debug|Any CPU
		{3DF991C0-48AD-47E5-AE6B-A7B3BE1BDF5D}.Release|Any CPU.ActiveCfg = Release|Any CPU
		{3DF991C0-48AD-47E5-AE6B-A7B3BE1BDF5D}.Release|Any CPU.Build.0 = Release|Any CPU
		{DCFFB9F7-955D-4DE5-9A64-756032AE3BAE}.Debug|Any CPU.ActiveCfg = Debug|Any CPU
		{DCFFB9F7-955D-4DE5-9A64-756032AE3BAE}.Debug|Any CPU.Build.0 = Debug|Any CPU
		{DCFFB9F7-955D-4DE5-9A64-756032AE3BAE}.Release|Any CPU.ActiveCfg = Release|Any CPU
		{DCFFB9F7-955D-4DE5-9A64-756032AE3BAE}.Release|Any CPU.Build.0 = Release|Any CPU
		{B1871A3A-963F-4636-A56A-8AA5B11983A4}.Debug|Any CPU.ActiveCfg = Debug|Any CPU
		{B1871A3A-963F-4636-A56A-8AA5B11983A4}.Debug|Any CPU.Build.0 = Debug|Any CPU
		{B1871A3A-963F-4636-A56A-8AA5B11983A4}.Release|Any CPU.ActiveCfg = Release|Any CPU
		{B1871A3A-963F-4636-A56A-8AA5B11983A4}.Release|Any CPU.Build.0 = Release|Any CPU
		{AFE5055E-2EEC-4504-A763-30B7CF68F60C}.Debug|Any CPU.ActiveCfg = Debug|Any CPU
		{AFE5055E-2EEC-4504-A763-30B7CF68F60C}.Debug|Any CPU.Build.0 = Debug|Any CPU
		{AFE5055E-2EEC-4504-A763-30B7CF68F60C}.Release|Any CPU.ActiveCfg = Release|Any CPU
		{AFE5055E-2EEC-4504-A763-30B7CF68F60C}.Release|Any CPU.Build.0 = Release|Any CPU
		{75A77DBE-6FCE-48DA-BD99-24C5A58E7F10}.Debug|Any CPU.ActiveCfg = Debug|Any CPU
		{75A77DBE-6FCE-48DA-BD99-24C5A58E7F10}.Debug|Any CPU.Build.0 = Debug|Any CPU
		{75A77DBE-6FCE-48DA-BD99-24C5A58E7F10}.Release|Any CPU.ActiveCfg = Release|Any CPU
		{75A77DBE-6FCE-48DA-BD99-24C5A58E7F10}.Release|Any CPU.Build.0 = Release|Any CPU
		{335147DC-BE09-46E7-B132-6249CE5A2FF6}.Debug|Any CPU.ActiveCfg = Debug|Any CPU
		{335147DC-BE09-46E7-B132-6249CE5A2FF6}.Debug|Any CPU.Build.0 = Debug|Any CPU
		{335147DC-BE09-46E7-B132-6249CE5A2FF6}.Release|Any CPU.ActiveCfg = Release|Any CPU
		{335147DC-BE09-46E7-B132-6249CE5A2FF6}.Release|Any CPU.Build.0 = Release|Any CPU
		{6C74603D-2556-4875-A05A-73BCF0B8D2B0}.Debug|Any CPU.ActiveCfg = Debug|Any CPU
		{6C74603D-2556-4875-A05A-73BCF0B8D2B0}.Debug|Any CPU.Build.0 = Debug|Any CPU
		{6C74603D-2556-4875-A05A-73BCF0B8D2B0}.Release|Any CPU.ActiveCfg = Release|Any CPU
		{6C74603D-2556-4875-A05A-73BCF0B8D2B0}.Release|Any CPU.Build.0 = Release|Any CPU
		{EDB880FA-9F6A-4405-AD74-74445AEB93D1}.Debug|Any CPU.ActiveCfg = Debug|Any CPU
		{EDB880FA-9F6A-4405-AD74-74445AEB93D1}.Debug|Any CPU.Build.0 = Debug|Any CPU
		{EDB880FA-9F6A-4405-AD74-74445AEB93D1}.Release|Any CPU.ActiveCfg = Release|Any CPU
		{EDB880FA-9F6A-4405-AD74-74445AEB93D1}.Release|Any CPU.Build.0 = Release|Any CPU
		{4F2322C7-C82A-403E-864F-C9D60A8BCBAE}.Debug|Any CPU.ActiveCfg = Debug|Any CPU
		{4F2322C7-C82A-403E-864F-C9D60A8BCBAE}.Debug|Any CPU.Build.0 = Debug|Any CPU
		{4F2322C7-C82A-403E-864F-C9D60A8BCBAE}.Release|Any CPU.ActiveCfg = Release|Any CPU
		{4F2322C7-C82A-403E-864F-C9D60A8BCBAE}.Release|Any CPU.Build.0 = Release|Any CPU
	EndGlobalSection
	GlobalSection(SolutionProperties) = preSolution
		HideSolutionNode = FALSE
	EndGlobalSection
	GlobalSection(NestedProjects) = preSolution
		{04E9EFF1-E725-4E57-9D2C-CBB441CA7495} = {7D294023-491A-4439-BDF7-851AC30DC959}
		{5906C214-839A-4C98-BD1C-F6F46DBDD0D3} = {7D294023-491A-4439-BDF7-851AC30DC959}
		{913B2501-647C-4F98-9247-981AD27F552F} = {04869F04-EF0D-4F7E-8B1A-E299158C980E}
		{99CC1888-D1AA-4A5C-994B-F539026EAD4F} = {04869F04-EF0D-4F7E-8B1A-E299158C980E}
		{0FFC809F-F76A-42F5-8716-CF9A2337EDDC} = {4E96EA74-E902-4D35-9059-852EEBA990C6}
		{E3157844-AC60-43C0-880E-FE5E242EE910} = {7D294023-491A-4439-BDF7-851AC30DC959}
		{EE731883-D93A-44E5-ADE0-54F1999B5B70} = {7D294023-491A-4439-BDF7-851AC30DC959}
		{96CCE659-02F8-4A70-8ED2-A8AC733CE464} = {7D294023-491A-4439-BDF7-851AC30DC959}
		{ECE9EC3A-8333-4D0A-BBA5-9864150536C9} = {31F6FAC2-A906-4D2D-95EC-17D99CF533D7}
		{82C1966F-3232-4186-9596-73CD80F8A1BB} = {4E96EA74-E902-4D35-9059-852EEBA990C6}
		{86A5B14F-F162-4747-A22B-BA3289A6ED8B} = {7D294023-491A-4439-BDF7-851AC30DC959}
		{3DF991C0-48AD-47E5-AE6B-A7B3BE1BDF5D} = {7D294023-491A-4439-BDF7-851AC30DC959}
		{DCFFB9F7-955D-4DE5-9A64-756032AE3BAE} = {7D294023-491A-4439-BDF7-851AC30DC959}
		{B1871A3A-963F-4636-A56A-8AA5B11983A4} = {7D294023-491A-4439-BDF7-851AC30DC959}
		{AFE5055E-2EEC-4504-A763-30B7CF68F60C} = {7D294023-491A-4439-BDF7-851AC30DC959}
		{75A77DBE-6FCE-48DA-BD99-24C5A58E7F10} = {8A716ADF-B287-4D09-BFDF-50B15A1298BF}
		{335147DC-BE09-46E7-B132-6249CE5A2FF6} = {8A716ADF-B287-4D09-BFDF-50B15A1298BF}
		{6C74603D-2556-4875-A05A-73BCF0B8D2B0} = {31F6FAC2-A906-4D2D-95EC-17D99CF533D7}
		{EDB880FA-9F6A-4405-AD74-74445AEB93D1} = {31F6FAC2-A906-4D2D-95EC-17D99CF533D7}
		{31F6FAC2-A906-4D2D-95EC-17D99CF533D7} = {8A716ADF-B287-4D09-BFDF-50B15A1298BF}
		{4F2322C7-C82A-403E-864F-C9D60A8BCBAE} = {7D294023-491A-4439-BDF7-851AC30DC959}
	EndGlobalSection
	GlobalSection(ExtensibilityGlobals) = postSolution
		SolutionGuid = {8BC94273-58ED-4833-9AF1-902058A5618B}
	EndGlobalSection
EndGlobal
